PODS:
  - AFNetworking (2.2.3):
    - AFNetworking/NSURLConnection
    - AFNetworking/NSURLSession
    - AFNetworking/Reachability
    - AFNetworking/Security
    - AFNetworking/Serialization
    - AFNetworking/UIKit
  - AFNetworking/NSURLConnection (2.2.3):
    - AFNetworking/Reachability
    - AFNetworking/Security
    - AFNetworking/Serialization
  - AFNetworking/NSURLSession (2.2.3):
    - AFNetworking/NSURLConnection
  - AFNetworking/Reachability (2.2.3)
  - AFNetworking/Security (2.2.3)
  - AFNetworking/Serialization (2.2.3)
  - AFNetworking/UIKit (2.2.3):
    - AFNetworking/NSURLConnection
    - AFNetworking/NSURLSession
  - CompactConstraint (0.1.0)
  - GVUserDefaults (0.9.4)
  - ObjectiveRecord (1.5.0):
    - ObjectiveSugar
  - ObjectiveSugar (1.1.0)
  - OCMapView (0.1.0)
  - SparkInspector (1.2.2)
  - UIImageEffects (0.0.1)
  - UIView+Positioning (1.0.1)

DEPENDENCIES:
  - AFNetworking
  - CompactConstraint (~> 0.1)
  - GVUserDefaults
  - ObjectiveRecord (from `https://github.com/supermarin/ObjectiveRecord.git`)
  - ObjectiveSugar
  - OCMapView (~> 0.1.0)
  - SparkInspector
  - UIImageEffects
  - UIView+Positioning (~> 1.0)

EXTERNAL SOURCES:
  ObjectiveRecord:
    :git: https://github.com/supermarin/ObjectiveRecord.git

SPEC CHECKSUMS:
  AFNetworking: 47947303319594706f48a55185ea95a95159ab94
  CompactConstraint: 28050cd1f9c63c67412a0f3d7f758cb0218de192
  GVUserDefaults: b706c0a6ed681ea4693143d920dd5bf49845c3a3
  ObjectiveRecord: 53dc392fbb4c8a8942f966bab9da8d9441532765
  ObjectiveSugar: f48793f5902c77cfc02a4ce46d2e8ecddcad4dc2
  OCMapView: b6c23a490834c7ac6d4c125cb8431e0ba33abcb9
  SparkInspector: fbca03a7b5283cab311281f7d2e18820686a5c00
  UIImageEffects: 69cd1e1f8fc4042a8fefcf4a0727cbf213e4dbfb
  UIView+Positioning: 870af80983bf495af2cb8a3a15b20e26fcc57ebb

COCOAPODS: 0.33.1
